github.com/almuhdilkarim/webdev-basic v0.0.0-20250921115319-6a79e02ed50e h1:UJisdDEDrIHKYitzbPVO8tXDF+4tT2M7y9KGvAur2JA=
github.com/almuhdilkarim/webdev-basic v0.0.0-20250921115319-6a79e02ed50e/go.mod h1:e370uCktLL1MvSj10AP8hpoS/N6YaNiAooYPBUDqP+c=
github.com/rozard-genset/corest v0.0.0-20250920234924-21969dd29f8a h1:i6fRSeRMTwOyn3FnJdAgUL5P+ZULHmJumUl11ARXdoo=
github.com/rozard-genset/corest v0.0.0-20250920234924-21969dd29f8a/go.mod h1:PmFYnMKkS/t6+Two/rxZh+kPOmaqZMuq1OrKbD4RA/w=
github.com/rozard-genset/course v0.0.0-20250921232501-627555974d4f h1:mXzU8URhnX9991Hxov6s2TifhBt4SYu3dCsw1dc7sYw=
github.com/rozard-genset/course v0.0.0-20250921232501-627555974d4f/go.mod h1:772SeMZtqkqDhSU59h6+xqOjCadi3t+REe5TS+O0ab4=
